[[schemas]]
subject = "nfts"
version = 1
sha512 = "387154ff6cb0f3359b3922018fe90266a9f3ab49f37c894a97f53d131671178fdeaf53045b67911cad97838324d423de61d0d6181ad46cc67ca08989403afdfd"

[[schemas]]
subject = "solana_nfts"
version = 1
sha512 = "fe9308f223834709c488711b9d32eb5281754bafeb726e14cc9adb051c87c147908b564667accf8257ac70d3d29ff30ff01e42c662175d626140fb2744335edc"

[[schemas]]
subject = "treasury"
version = 1
sha512 = "8dc8470d461ffc62e0729a6523e03c2b334d6096304509c854bd02709ee1191fe0768356e87a44858584cd2fddbbbdf6e0d5236dcfe4a26eea9f011df583d4f7"
