[[schemas]]
subject = "nfts"
version = 1
sha512 = "15565dbbf5fbed49cdf4dac7c44911eafa6836589f3ffbe06ad9debca60e7267f5461c3dcdd43aef4ab11e0ebb657dc0d2a06c299463df1f9579e0bc72e9bd8c"

[[schemas]]
subject = "solana_nfts"
version = 1
sha512 = "c2f0ca52d5606e8ff1836ee48ff5d524190ea38fbb27a7b3e65b55990b63eafbd188a8d81d2e413455d3b881b5c9e40a79df88f573f2df505cf4250d6481572c"

[[schemas]]
subject = "treasury"
version = 1
sha512 = "ad39716a72fa04a5a6c20c5a31e1804eb4b4dba5518e6189e7bb8a3cdef263e4c6a1f848a6e2a3519524e500c2593a4ddfbc12257bc3b8006b35eb2b9623b599"
