[[schemas]]
subject = "nfts"
version = 16
sha512 = "74fe680b7e6b6fa709863e4d1d41a14d2287347920b006be7679992403eda901d036ac24005523a1444b9d7d033f653fc7f1c9b5fad0d5571fc6e956fcccc93f"

[[schemas]]
subject = "solana_nfts"
version = 3
sha512 = "b912cc0d572ee7f7895349c23c1a98d49654c2d0e62b810c96bbd426af8bf521a5726cf017c92ebb15f0ae07d5988d9979fba68590a708c31ccbe5ebfae09ab2"

[[schemas]]
subject = "treasury"
version = 16
sha512 = "bf8ad07bb11acefeaced6e5da417a9b49bad3770e4dd7f3d29b743fb943da973ab8587f7fef10a40a76b2e477d1c3956410de8403b7fb6efa80b95f2c3b8e8cf"
