[[schemas]]
subject = "nfts"
version = 19
sha512 = "94be29cc87e02f9622ba880302349b275262bc30546e6a6daacea541a6c1c740df9a185d0e18de782eda77ebf9c51c0e46c295d89abb9f7fb725b0ce9cfaf6f1"

[[schemas]]
subject = "solana_nfts"
version = 3
sha512 = "b912cc0d572ee7f7895349c23c1a98d49654c2d0e62b810c96bbd426af8bf521a5726cf017c92ebb15f0ae07d5988d9979fba68590a708c31ccbe5ebfae09ab2"

[[schemas]]
subject = "treasury"
version = 16
sha512 = "bf8ad07bb11acefeaced6e5da417a9b49bad3770e4dd7f3d29b743fb943da973ab8587f7fef10a40a76b2e477d1c3956410de8403b7fb6efa80b95f2c3b8e8cf"
