[[schemas]]
subject = "nfts"
version = 31
sha512 = "449574f8551ab8c17824af9e08b1658ad1b26ac80340230ddf02e7a1e0979d8a47025913a6598799cf83dd1a9cda87697ee87a13f404ebb52c95ea0084205767"

[[schemas]]
subject = "solana_nfts"
version = 12
sha512 = "4f85496c50a82cb40faa097cf6d0cb23275b3b90cb561d01388f3e5a71282a8b8e1eea617b7d712b0e415d65af483209fac2db1591456fa814a1f41a1c457433"

[[schemas]]
subject = "treasury"
version = 23
sha512 = "0e4d77999767d5971122e720c1cee7a57c3e47ce69f58a582f1762d8e65e031ea3bd9024cfc21bd7da5db6e38a71657151c58cdfa21d9ff643fb2fc657105cf5"
